
Microsoft Visual Studio Solution File, Format Version 12.00
# Visual Studio 15
VisualStudioVersion = 15.0.28010.2003
MinimumVisualStudioVersion = 10.0.40219.1
Project("{9A19103F-16F7-4668-BE54-9A1E7A4F7556}") = "MyCampusV2", "MyCampusV2\MyCampusV2.csproj", "{A8FA060A-14DB-48CC-8F7D-51A669CB89FC}"
EndProject
Project("{9A19103F-16F7-4668-BE54-9A1E7A4F7556}") = "MyCampusV2.Models", "MyCampusV2.Models\MyCampusV2.Models.csproj", "{72AFF22D-D6C9-44F0-9983-FDF45FAE74C6}"
EndProject
Project("{9A19103F-16F7-4668-BE54-9A1E7A4F7556}") = "MyCampusV2.DAL", "MyCampusV2.DAL\MyCampusV2.DAL.csproj", "{2A5FA448-FFDF-4ECE-983F-7538637057CB}"
EndProject
Project("{9A19103F-16F7-4668-BE54-9A1E7A4F7556}") = "MyCampusV2.Services", "MyCampusV2.Services\MyCampusV2.Services.csproj", "{77592D76-32FD-4FF2-A015-05E382DFFC24}"
EndProject
Project("{9A19103F-16F7-4668-BE54-9A1E7A4F7556}") = "MyCampusV2.Common", "MyCampusV2.Common\MyCampusV2.Common.csproj", "{993C318F-A31C-4D32-8219-BBADA5CCE29B}"
EndProject
Global
	GlobalSection(SolutionConfigurationPlatforms) = preSolution
		Debug|Any CPU = Debug|Any CPU
		Release|Any CPU = Release|Any CPU
	EndGlobalSection
	GlobalSection(ProjectConfigurationPlatforms) = postSolution
		{A8FA060A-14DB-48CC-8F7D-51A669CB89FC}.Debug|Any CPU.ActiveCfg = Debug|Any CPU
		{A8FA060A-14DB-48CC-8F7D-51A669CB89FC}.Debug|Any CPU.Build.0 = Debug|Any CPU
		{A8FA060A-14DB-48CC-8F7D-51A669CB89FC}.Release|Any CPU.ActiveCfg = Release|Any CPU
		{A8FA060A-14DB-48CC-8F7D-51A669CB89FC}.Release|Any CPU.Build.0 = Release|Any CPU
		{72AFF22D-D6C9-44F0-9983-FDF45FAE74C6}.Debug|Any CPU.ActiveCfg = Debug|Any CPU
		{72AFF22D-D6C9-44F0-9983-FDF45FAE74C6}.Debug|Any CPU.Build.0 = Debug|Any CPU
		{72AFF22D-D6C9-44F0-9983-FDF45FAE74C6}.Release|Any CPU.ActiveCfg = Release|Any CPU
		{72AFF22D-D6C9-44F0-9983-FDF45FAE74C6}.Release|Any CPU.Build.0 = Release|Any CPU
		{2A5FA448-FFDF-4ECE-983F-7538637057CB}.Debug|Any CPU.ActiveCfg = Debug|Any CPU
		{2A5FA448-FFDF-4ECE-983F-7538637057CB}.Debug|Any CPU.Build.0 = Debug|Any CPU
		{2A5FA448-FFDF-4ECE-983F-7538637057CB}.Release|Any CPU.ActiveCfg = Release|Any CPU
		{2A5FA448-FFDF-4ECE-983F-7538637057CB}.Release|Any CPU.Build.0 = Release|Any CPU
		{77592D76-32FD-4FF2-A015-05E382DFFC24}.Debug|Any CPU.ActiveCfg = Debug|Any CPU
		{77592D76-32FD-4FF2-A015-05E382DFFC24}.Debug|Any CPU.Build.0 = Debug|Any CPU
		{77592D76-32FD-4FF2-A015-05E382DFFC24}.Release|Any CPU.ActiveCfg = Release|Any CPU
		{77592D76-32FD-4FF2-A015-05E382DFFC24}.Release|Any CPU.Build.0 = Release|Any CPU
		{993C318F-A31C-4D32-8219-BBADA5CCE29B}.Debug|Any CPU.ActiveCfg = Debug|Any CPU
		{993C318F-A31C-4D32-8219-BBADA5CCE29B}.Debug|Any CPU.Build.0 = Debug|Any CPU
		{993C318F-A31C-4D32-8219-BBADA5CCE29B}.Release|Any CPU.ActiveCfg = Release|Any CPU
		{993C318F-A31C-4D32-8219-BBADA5CCE29B}.Release|Any CPU.Build.0 = Release|Any CPU
	EndGlobalSection
	GlobalSection(SolutionProperties) = preSolution
		HideSolutionNode = FALSE
	EndGlobalSection
	GlobalSection(ExtensibilityGlobals) = postSolution
		SolutionGuid = {4E0CA6BD-0F47-40C5-AD22-3B7A21F1CDD2}
	EndGlobalSection
EndGlobal
